{
  "name": "json-practice",
  "version": "1.0.0",
  "lockfileVersion": 1,
  "requires": true,
  "dependencies": {
    "@perpk/json-xform": {
      "version": "1.1.0",
      "resolved": "https://registry.npmjs.org/@perpk/json-xform/-/json-xform-1.1.0.tgz",
      "integrity": "sha512-2XiPQUvfkw7IEm0CfYGvbkod/rHhNyTnjOggO7gcAg2cd0iFY4UtvRO+eeC3r9aUYU/niEkJEfZx30ln5fMHow==",
      "requires": {
        "jsonpath": "^1.1.1",
        "jsonschema": "^1.4.0"
      }
    },
    "beam-uri": {
      "version": "2.1.1",
      "resolved": "https://registry.npmjs.org/beam-uri/-/beam-uri-2.1.1.tgz",
      "integrity": "sha512-uZl4CBZwLioDg7YUkn5oROD9ebdlJe8gUIc8R8mrQQG/187M3RY/Zvz3CJHSyG76rF3LxkpFz4bJQQUSI+NzkA==",
      "requires": {
        "linkedin-canonical-url": "^1.0.6",
        "lodash": "^4.16.6",
        "parse-domain": "^1.1.0"
      }
    },
    "deep-is": {
      "version": "0.1.4",
      "resolved": "https://registry.npmjs.org/deep-is/-/deep-is-0.1.4.tgz",
      "integrity": "sha512-oIPzksmTg4/MriiaYGO+okXDT7ztn/w3Eptv/+gSIdMdKsJo0u4CfYNFJPy+4SKMuCqGw2wxnA+URMg3t8a/bQ=="
    },
    "escodegen": {
      "version": "1.14.3",
      "resolved": "https://registry.npmjs.org/escodegen/-/escodegen-1.14.3.tgz",
      "integrity": "sha512-qFcX0XJkdg+PB3xjZZG/wKSuT1PnQWx57+TVSjIMmILd2yC/6ByYElPwJnslDsuWuSAp4AwJGumarAAmJch5Kw==",
      "requires": {
        "esprima": "^4.0.1",
        "estraverse": "^4.2.0",
        "esutils": "^2.0.2",
        "optionator": "^0.8.1",
        "source-map": "~0.6.1"
      },
      "dependencies": {
        "esprima": {
          "version": "4.0.1",
          "resolved": "https://registry.npmjs.org/esprima/-/esprima-4.0.1.tgz",
          "integrity": "sha512-eGuFFw7Upda+g4p+QHvnW0RyTX/SVeJBDM/gCtMARO0cLuT2HcEKnTPvhjV6aGeqrCB/sbNop0Kszm0jsaWU4A=="
        }
      }
    },
    "esprima": {
      "version": "1.2.2",
      "resolved": "https://registry.npmjs.org/esprima/-/esprima-1.2.2.tgz",
      "integrity": "sha1-dqD9Zvz+FU/SkmZ9wmQBl1CxZXs="
    },
    "estraverse": {
      "version": "4.3.0",
      "resolved": "https://registry.npmjs.org/estraverse/-/estraverse-4.3.0.tgz",
      "integrity": "sha512-39nnKffWz8xN1BU/2c79n9nB9HDzo0niYUqx6xyqUnyoAnQyyWpOTdZEeiCch8BBu515t4wp9ZmgVfVhn9EBpw=="
    },
    "esutils": {
      "version": "2.0.3",
      "resolved": "https://registry.npmjs.org/esutils/-/esutils-2.0.3.tgz",
      "integrity": "sha512-kVscqXk4OCp68SZ0dkgEKVi6/8ij300KBWTJq32P/dYeWTSwK41WyTxalN1eRmA5Z9UU/LX9D7FWSmV9SAYx6g=="
    },
    "fast-levenshtein": {
      "version": "2.0.6",
      "resolved": "https://registry.npmjs.org/fast-levenshtein/-/fast-levenshtein-2.0.6.tgz",
      "integrity": "sha1-PYpcZog6FqMMqGQ+hR8Zuqd5eRc="
    },
    "hoek": {
      "version": "6.1.3",
      "resolved": "https://registry.npmjs.org/hoek/-/hoek-6.1.3.tgz",
      "integrity": "sha512-YXXAAhmF9zpQbC7LEcREFtXfGq5K1fmd+4PHkBq8NUqmzW3G+Dq10bI/i0KucLRwss3YYFQ0fSfoxBZYiGUqtQ=="
    },
    "humanparser": {
      "version": "1.11.0",
      "resolved": "https://registry.npmjs.org/humanparser/-/humanparser-1.11.0.tgz",
      "integrity": "sha512-d1Zexkt6ydVkUkshivfXZ8OnzYFZvfkzV1ncb/sv5oo3//x44az9+ZT6IKrl2nMcubO2/tJ5WWAMTgU32noEGQ=="
    },
    "isemail": {
      "version": "3.2.0",
      "resolved": "https://registry.npmjs.org/isemail/-/isemail-3.2.0.tgz",
      "integrity": "sha512-zKqkK+O+dGqevc93KNsbZ/TqTUFd46MwWjYOoMrjIMZ51eU7DtQG3Wmd9SQQT7i7RVnuTPEiYEWHU3MSbxC1Tg==",
      "requires": {
        "punycode": "2.x.x"
      }
    },
    "joi": {
      "version": "14.3.1",
      "resolved": "https://registry.npmjs.org/joi/-/joi-14.3.1.tgz",
      "integrity": "sha512-LQDdM+pkOrpAn4Lp+neNIFV3axv1Vna3j38bisbQhETPMANYRbFJFUyOZcOClYvM/hppMhGWuKSFEK9vjrB+bQ==",
      "requires": {
        "hoek": "6.x.x",
        "isemail": "3.x.x",
        "topo": "3.x.x"
      }
    },
    "json-ditto": {
      "version": "1.2.9",
      "resolved": "https://registry.npmjs.org/json-ditto/-/json-ditto-1.2.9.tgz",
      "integrity": "sha512-zGTROskEANAWh6F8UOxXDAiuGEd7uLZ+ojMg0/hebPtnJChgFgNTIH1kMBW/bAbMflwaZ/5Ph9uMVqXE1BWtQw==",
      "requires": {
        "beam-uri": "^2.1.1",
        "humanparser": "^1.10.0",
        "joi": "^14.3.1",
        "lodash": "^4.5.1",
        "moment": "^2.15.0",
        "uuid": "^3.3.2"
      }
    },
    "jsonpath": {
      "version": "1.1.1",
      "resolved": "https://registry.npmjs.org/jsonpath/-/jsonpath-1.1.1.tgz",
      "integrity": "sha512-l6Cg7jRpixfbgoWgkrl77dgEj8RPvND0wMH6TwQmi9Qs4TFfS9u5cUFnbeKTwj5ga5Y3BTGGNI28k117LJ009w==",
      "requires": {
        "esprima": "1.2.2",
        "static-eval": "2.0.2",
        "underscore": "1.12.1"
      }
    },
    "jsonschema": {
      "version": "1.4.0",
      "resolved": "https://registry.npmjs.org/jsonschema/-/jsonschema-1.4.0.tgz",
      "integrity": "sha512-/YgW6pRMr6M7C+4o8kS+B/2myEpHCrxO4PEWnqJNBFMjn7EWXqlQ4tGwL6xTHeRplwuZmcAncdvfOad1nT2yMw=="
    },
    "levn": {
      "version": "0.3.0",
      "resolved": "https://registry.npmjs.org/levn/-/levn-0.3.0.tgz",
      "integrity": "sha1-OwmSTt+fCDwEkP3UwLxEIeBHZO4=",
      "requires": {
        "prelude-ls": "~1.1.2",
        "type-check": "~0.3.2"
      }
    },
    "linkedin-canonical-url": {
      "version": "1.0.6",
      "resolved": "https://registry.npmjs.org/linkedin-canonical-url/-/linkedin-canonical-url-1.0.6.tgz",
      "integrity": "sha1-vZO8RZdq2G0o9C2QhuxQ5A6d/xg="
    },
    "lodash": {
      "version": "4.17.21",
      "resolved": "https://registry.npmjs.org/lodash/-/lodash-4.17.21.tgz",
      "integrity": "sha512-v2kDEe57lecTulaDIuNTPy3Ry4gLGJ6Z1O3vE1krgXZNrsQ+LFTGHVxVjcXPs17LhbZVGedAJv8XZ1tvj5FvSg=="
    },
    "moment": {
      "version": "2.29.3",
      "resolved": "https://registry.npmjs.org/moment/-/moment-2.29.3.tgz",
      "integrity": "sha512-c6YRvhEo//6T2Jz/vVtYzqBzwvPT95JBQ+smCytzf7c50oMZRsR/a4w88aD34I+/QVSfnoAnSBFPJHItlOMJVw=="
    },
    "optionator": {
      "version": "0.8.3",
      "resolved": "https://registry.npmjs.org/optionator/-/optionator-0.8.3.tgz",
      "integrity": "sha512-+IW9pACdk3XWmmTXG8m3upGUJst5XRGzxMRjXzAuJ1XnIFNvfhjjIuYkDvysnPQ7qzqVzLt78BCruntqRhWQbA==",
      "requires": {
        "deep-is": "~0.1.3",
        "fast-levenshtein": "~2.0.6",
        "levn": "~0.3.0",
        "prelude-ls": "~1.1.2",
        "type-check": "~0.3.2",
        "word-wrap": "~1.2.3"
      }
    },
    "parse-domain": {
      "version": "1.2.0",
      "resolved": "https://registry.npmjs.org/parse-domain/-/parse-domain-1.2.0.tgz",
      "integrity": "sha512-R9BCYRDwLwu0qmZd45Q0suCehrfLU48UhzZCREOwBr/J6fQci8j/CXiFygK17CwpnbF80x76sw/KIkU+UBN2+g=="
    },
    "prelude-ls": {
      "version": "1.1.2",
      "resolved": "https://registry.npmjs.org/prelude-ls/-/prelude-ls-1.1.2.tgz",
      "integrity": "sha1-IZMqVJ9eUv/ZqCf1cOBL5iqX2lQ="
    },
    "punycode": {
      "version": "2.1.1",
      "resolved": "https://registry.npmjs.org/punycode/-/punycode-2.1.1.tgz",
      "integrity": "sha512-XRsRjdf+j5ml+y/6GKHPZbrF/8p2Yga0JPtdqTIY2Xe5ohJPD9saDJJLPvp9+NSBprVvevdXZybnj2cv8OEd0A=="
    },
    "source-map": {
      "version": "0.6.1",
      "resolved": "https://registry.npmjs.org/source-map/-/source-map-0.6.1.tgz",
      "integrity": "sha512-UjgapumWlbMhkBgzT7Ykc5YXUT46F0iKu8SGXq0bcwP5dz/h0Plj6enJqjz1Zbq2l5WaqYnrVbwWOWMyF3F47g==",
      "optional": true
    },
    "static-eval": {
      "version": "2.0.2",
      "resolved": "https://registry.npmjs.org/static-eval/-/static-eval-2.0.2.tgz",
      "integrity": "sha512-N/D219Hcr2bPjLxPiV+TQE++Tsmrady7TqAJugLy7Xk1EumfDWS/f5dtBbkRCGE7wKKXuYockQoj8Rm2/pVKyg==",
      "requires": {
        "escodegen": "^1.8.1"
      }
    },
    "topo": {
      "version": "3.0.3",
      "resolved": "https://registry.npmjs.org/topo/-/topo-3.0.3.tgz",
      "integrity": "sha512-IgpPtvD4kjrJ7CRA3ov2FhWQADwv+Tdqbsf1ZnPUSAtCJ9e1Z44MmoSGDXGk4IppoZA7jd/QRkNddlLJWlUZsQ==",
      "requires": {
        "hoek": "6.x.x"
      }
    },
    "type-check": {
      "version": "0.3.2",
      "resolved": "https://registry.npmjs.org/type-check/-/type-check-0.3.2.tgz",
      "integrity": "sha1-WITKtRLPHTVeP7eE8wgEsrUg23I=",
      "requires": {
        "prelude-ls": "~1.1.2"
      }
    },
    "underscore": {
      "version": "1.12.1",
      "resolved": "https://registry.npmjs.org/underscore/-/underscore-1.12.1.tgz",
      "integrity": "sha512-hEQt0+ZLDVUMhebKxL4x1BTtDY7bavVofhZ9KZ4aI26X9SRaE+Y3m83XUL1UP2jn8ynjndwCCpEHdUG+9pP1Tw=="
    },
    "uuid": {
      "version": "3.4.0",
      "resolved": "https://registry.npmjs.org/uuid/-/uuid-3.4.0.tgz",
      "integrity": "sha512-HjSDRw6gZE5JMggctHBcjVak08+KEVhSIiDzFnT9S9aegmp85S/bReBVTb4QTFaRNptJ9kuYaNhnbNEOkbKb/A=="
    },
    "word-wrap": {
      "version": "1.2.3",
      "resolved": "https://registry.npmjs.org/word-wrap/-/word-wrap-1.2.3.tgz",
      "integrity": "sha512-Hz/mrNwitNRh/HUAtM/VT/5VH+ygD6DV7mYKZAtHOrbs8U7lvPS6xf7EJKMF0uW1KJCl0H701g3ZGus+muE5vQ=="
    }
  }
}
